
Microsoft Visual Studio Solution File, Format Version 12.00
# Visual Studio Version 17
VisualStudioVersion = 17.0.32112.339
MinimumVisualStudioVersion = 10.0.40219.1
Project("{2150E333-8FDC-42A3-9474-1A3956D46DE8}") = "example", "example", "{89C59433-B2D9-4E3A-96D5-DA8E2DD676E6}"
EndProject
Project("{9A19103F-16F7-4668-BE54-9A1E7A4F7556}") = "Rebus.Redis.Transport", "src\Rebus.Redis.Transport\Rebus.Redis.Transport.csproj", "{1AC0EC92-6257-400E-A3B5-FBD051AB1A00}"
EndProject
Project("{9A19103F-16F7-4668-BE54-9A1E7A4F7556}") = "HelloWord", "example\HelloWord\HelloWord.csproj", "{7E44B3EE-5FEB-4E23-833A-4D7DC2E6ADF3}"
EndProject
Project("{9A19103F-16F7-4668-BE54-9A1E7A4F7556}") = "Rebus.Redis.Transport.FreeRedis", "src\Rebus.Redis.Transport.FreeRedis\Rebus.Redis.Transport.FreeRedis.csproj", "{9497CD8D-7179-421B-8463-4129C919CD1C}"
EndProject
Project("{2150E333-8FDC-42A3-9474-1A3956D46DE8}") = "test", "test", "{75E90A9D-6493-4DE9-941D-12C468D8529E}"
EndProject
Project("{FAE04EC0-301F-11D3-BF4B-00C04F79EFBC}") = "Rebus.Redis.Transport.FreeRedis.Test", "test\Rebus.Redis.Transport.FreeRedis.Test\Rebus.Redis.Transport.FreeRedis.Test.csproj", "{7F34A548-162C-4AF6-AE9A-0CD74B42548F}"
EndProject
Global
	GlobalSection(SolutionConfigurationPlatforms) = preSolution
		Debug|Any CPU = Debug|Any CPU
		Release|Any CPU = Release|Any CPU
	EndGlobalSection
	GlobalSection(ProjectConfigurationPlatforms) = postSolution
		{1AC0EC92-6257-400E-A3B5-FBD051AB1A00}.Debug|Any CPU.ActiveCfg = Debug|Any CPU
		{1AC0EC92-6257-400E-A3B5-FBD051AB1A00}.Debug|Any CPU.Build.0 = Debug|Any CPU
		{1AC0EC92-6257-400E-A3B5-FBD051AB1A00}.Release|Any CPU.ActiveCfg = Release|Any CPU
		{1AC0EC92-6257-400E-A3B5-FBD051AB1A00}.Release|Any CPU.Build.0 = Release|Any CPU
		{7E44B3EE-5FEB-4E23-833A-4D7DC2E6ADF3}.Debug|Any CPU.ActiveCfg = Debug|Any CPU
		{7E44B3EE-5FEB-4E23-833A-4D7DC2E6ADF3}.Debug|Any CPU.Build.0 = Debug|Any CPU
		{7E44B3EE-5FEB-4E23-833A-4D7DC2E6ADF3}.Release|Any CPU.ActiveCfg = Release|Any CPU
		{7E44B3EE-5FEB-4E23-833A-4D7DC2E6ADF3}.Release|Any CPU.Build.0 = Release|Any CPU
		{9497CD8D-7179-421B-8463-4129C919CD1C}.Debug|Any CPU.ActiveCfg = Debug|Any CPU
		{9497CD8D-7179-421B-8463-4129C919CD1C}.Debug|Any CPU.Build.0 = Debug|Any CPU
		{9497CD8D-7179-421B-8463-4129C919CD1C}.Release|Any CPU.ActiveCfg = Release|Any CPU
		{9497CD8D-7179-421B-8463-4129C919CD1C}.Release|Any CPU.Build.0 = Release|Any CPU
		{7F34A548-162C-4AF6-AE9A-0CD74B42548F}.Debug|Any CPU.ActiveCfg = Debug|Any CPU
		{7F34A548-162C-4AF6-AE9A-0CD74B42548F}.Debug|Any CPU.Build.0 = Debug|Any CPU
		{7F34A548-162C-4AF6-AE9A-0CD74B42548F}.Release|Any CPU.ActiveCfg = Release|Any CPU
		{7F34A548-162C-4AF6-AE9A-0CD74B42548F}.Release|Any CPU.Build.0 = Release|Any CPU
	EndGlobalSection
	GlobalSection(SolutionProperties) = preSolution
		HideSolutionNode = FALSE
	EndGlobalSection
	GlobalSection(NestedProjects) = preSolution
		{7E44B3EE-5FEB-4E23-833A-4D7DC2E6ADF3} = {89C59433-B2D9-4E3A-96D5-DA8E2DD676E6}
		{7F34A548-162C-4AF6-AE9A-0CD74B42548F} = {75E90A9D-6493-4DE9-941D-12C468D8529E}
	EndGlobalSection
	GlobalSection(ExtensibilityGlobals) = postSolution
		SolutionGuid = {A5DD5D98-C07E-4C89-9F78-4AFCF2F96F9B}
	EndGlobalSection
EndGlobal
